
Microsoft Visual Studio Solution File, Format Version 12.00
# Visual Studio Version 17
VisualStudioVersion = 17.0.31903.59
MinimumVisualStudioVersion = 10.0.40219.1
Project("{FAE04EC0-301F-11D3-BF4B-00C04F79EFBC}") = "CryptoDashboard.Api", "CryptoDashboard.Api\CryptoDashboard.Api.csproj", "{6FA33F78-9876-01E0-E306-ADFFD9668915}"
EndProject
Project("{FAE04EC0-301F-11D3-BF4B-00C04F79EFBC}") = "CryptoDashboard.Application", "CryptoDashboard.Application\CryptoDashboard.Application.csproj", "{94675718-003B-FE91-5A97-5C314C8C1CB9}"
EndProject
Project("{FAE04EC0-301F-11D3-BF4B-00C04F79EFBC}") = "CryptoDashboard.Domain", "CryptoDashboard.Domain\CryptoDashboard.Domain.csproj", "{20F55EF4-7BC1-5A39-71FE-FD4AFBF20B4F}"
EndProject
Project("{FAE04EC0-301F-11D3-BF4B-00C04F79EFBC}") = "CryptoDashboard.Infrastructure", "CryptoDashboard.Infrastructure\CryptoDashboard.Infrastructure.csproj", "{17CCC90C-6686-90AC-065D-3CAFD04213CA}"
EndProject
Global
	GlobalSection(SolutionConfigurationPlatforms) = preSolution
		Debug|Any CPU = Debug|Any CPU
		Release|Any CPU = Release|Any CPU
	EndGlobalSection
	GlobalSection(ProjectConfigurationPlatforms) = postSolution
		{6FA33F78-9876-01E0-E306-ADFFD9668915}.Debug|Any CPU.ActiveCfg = Debug|Any CPU
		{6FA33F78-9876-01E0-E306-ADFFD9668915}.Debug|Any CPU.Build.0 = Debug|Any CPU
		{6FA33F78-9876-01E0-E306-ADFFD9668915}.Release|Any CPU.ActiveCfg = Release|Any CPU
		{6FA33F78-9876-01E0-E306-ADFFD9668915}.Release|Any CPU.Build.0 = Release|Any CPU
		{94675718-003B-FE91-5A97-5C314C8C1CB9}.Debug|Any CPU.ActiveCfg = Debug|Any CPU
		{94675718-003B-FE91-5A97-5C314C8C1CB9}.Debug|Any CPU.Build.0 = Debug|Any CPU
		{94675718-003B-FE91-5A97-5C314C8C1CB9}.Release|Any CPU.ActiveCfg = Release|Any CPU
		{94675718-003B-FE91-5A97-5C314C8C1CB9}.Release|Any CPU.Build.0 = Release|Any CPU
		{20F55EF4-7BC1-5A39-71FE-FD4AFBF20B4F}.Debug|Any CPU.ActiveCfg = Debug|Any CPU
		{20F55EF4-7BC1-5A39-71FE-FD4AFBF20B4F}.Debug|Any CPU.Build.0 = Debug|Any CPU
		{20F55EF4-7BC1-5A39-71FE-FD4AFBF20B4F}.Release|Any CPU.ActiveCfg = Release|Any CPU
		{20F55EF4-7BC1-5A39-71FE-FD4AFBF20B4F}.Release|Any CPU.Build.0 = Release|Any CPU
		{17CCC90C-6686-90AC-065D-3CAFD04213CA}.Debug|Any CPU.ActiveCfg = Debug|Any CPU
		{17CCC90C-6686-90AC-065D-3CAFD04213CA}.Debug|Any CPU.Build.0 = Debug|Any CPU
		{17CCC90C-6686-90AC-065D-3CAFD04213CA}.Release|Any CPU.ActiveCfg = Release|Any CPU
		{17CCC90C-6686-90AC-065D-3CAFD04213CA}.Release|Any CPU.Build.0 = Release|Any CPU
	EndGlobalSection
	GlobalSection(SolutionProperties) = preSolution
		HideSolutionNode = FALSE
	EndGlobalSection
EndGlobal
